Microsoft Visual Studio Solution File, Format Version 11.00
# Visual Studio 2008

Project("{D6F637A6-3E78-95F9-421D-593D67341644}") = "Week 1", "Assembly-CSharp-firstpass.csproj", "{C1DCF0DE-2784-1C02-02D0-77EFA3E1F529}"
EndProject
Project("{D6F637A6-3E78-95F9-421D-593D67341644}") = "Week 1", "Assembly-CSharp.csproj", "{7C0ED009-C74F-3033-D2AD-986692C260C5}"
EndProject
Project("{D6F637A6-3E78-95F9-421D-593D67341644}") = "Week 1", "Assembly-UnityScript.unityproj", "{CE93F06B-2F64-EBA4-1356-4FC1A9A5C276}"
EndProject
Global
	GlobalSection(SolutionConfigurationPlatforms) = preSolution
		Debug|Any CPU = Debug|Any CPU
		Release|Any CPU = Release|Any CPU
	EndGlobalSection
	GlobalSection(ProjectConfigurationPlatforms) = postSolution
		{C1DCF0DE-2784-1C02-02D0-77EFA3E1F529}.Debug|Any CPU.ActiveCfg = Debug|Any CPU
		{C1DCF0DE-2784-1C02-02D0-77EFA3E1F529}.Debug|Any CPU.Build.0 = Debug|Any CPU
		{C1DCF0DE-2784-1C02-02D0-77EFA3E1F529}.Release|Any CPU.ActiveCfg = Release|Any CPU
		{C1DCF0DE-2784-1C02-02D0-77EFA3E1F529}.Release|Any CPU.Build.0 = Release|Any CPU
		{7C0ED009-C74F-3033-D2AD-986692C260C5}.Debug|Any CPU.ActiveCfg = Debug|Any CPU
		{7C0ED009-C74F-3033-D2AD-986692C260C5}.Debug|Any CPU.Build.0 = Debug|Any CPU
		{7C0ED009-C74F-3033-D2AD-986692C260C5}.Release|Any CPU.ActiveCfg = Release|Any CPU
		{7C0ED009-C74F-3033-D2AD-986692C260C5}.Release|Any CPU.Build.0 = Release|Any CPU
		{CE93F06B-2F64-EBA4-1356-4FC1A9A5C276}.Debug|Any CPU.ActiveCfg = Debug|Any CPU
		{CE93F06B-2F64-EBA4-1356-4FC1A9A5C276}.Debug|Any CPU.Build.0 = Debug|Any CPU
		{CE93F06B-2F64-EBA4-1356-4FC1A9A5C276}.Release|Any CPU.ActiveCfg = Release|Any CPU
		{CE93F06B-2F64-EBA4-1356-4FC1A9A5C276}.Release|Any CPU.Build.0 = Release|Any CPU
	EndGlobalSection
	GlobalSection(SolutionProperties) = preSolution
		HideSolutionNode = FALSE
	EndGlobalSection
													GlobalSection(MonoDevelopProperties) = preSolution
		StartupItem = Assembly-CSharp.csproj
		Policies = $0
		$0.TextStylePolicy = $1
		$1.inheritsSet = null
		$1.scope = text/x-csharp
		$0.CSharpFormattingPolicy = $2
		$2.inheritsSet = Mono
		$2.inheritsScope = text/x-csharp
		$2.scope = text/x-csharp
		$0.TextStylePolicy = $3
		$3.FileWidth = 120
		$3.TabWidth = 4
		$3.EolMarker = Unix
		$3.inheritsSet = Mono
		$3.inheritsScope = text/plain
		$3.scope = text/plain
	EndGlobalSection

EndGlobal
